// !$*UTF8*$!
{
	archiveVersion = 1;
	classes = {
	};
	objectVersion = 55;
	objects = {

/* Begin PBXBuildFile section */
		5578039D2914106200B498A3 /* Tests_iOS.swift in Sources */ = {isa = PBXBuildFile; fileRef = 5578039C2914106200B498A3 /* Tests_iOS.swift */; };
		5578039F2914106200B498A3 /* Tests_iOSLaunchTests.swift in Sources */ = {isa = PBXBuildFile; fileRef = 5578039E2914106200B498A3 /* Tests_iOSLaunchTests.swift */; };
		557803A92914106300B498A3 /* Tests_macOS.swift in Sources */ = {isa = PBXBuildFile; fileRef = 557803A82914106300B498A3 /* Tests_macOS.swift */; };
		557803AB2914106300B498A3 /* Tests_macOSLaunchTests.swift in Sources */ = {isa = PBXBuildFile; fileRef = 557803AA2914106300B498A3 /* Tests_macOSLaunchTests.swift */; };
		557803AC2914106300B498A3 /* CartcheckApp.swift in Sources */ = {isa = PBXBuildFile; fileRef = 557803842914106100B498A3 /* CartcheckApp.swift */; };
		557803AD2914106300B498A3 /* CartcheckApp.swift in Sources */ = {isa = PBXBuildFile; fileRef = 557803842914106100B498A3 /* CartcheckApp.swift */; };
		557803AE2914106300B498A3 /* ContentView.swift in Sources */ = {isa = PBXBuildFile; fileRef = 557803852914106100B498A3 /* ContentView.swift */; };
		557803AF2914106300B498A3 /* ContentView.swift in Sources */ = {isa = PBXBuildFile; fileRef = 557803852914106100B498A3 /* ContentView.swift */; };
		557803B02914106300B498A3 /* Assets.xcassets in Resources */ = {isa = PBXBuildFile; fileRef = 557803862914106200B498A3 /* Assets.xcassets */; };
		557803B12914106300B498A3 /* Assets.xcassets in Resources */ = {isa = PBXBuildFile; fileRef = 557803862914106200B498A3 /* Assets.xcassets */; };
		557803C2291410A800B498A3 /* CartView.swift in Sources */ = {isa = PBXBuildFile; fileRef = 557803C1291410A800B498A3 /* CartView.swift */; };
		557803C92914118800B498A3 /* Item.swift in Sources */ = {isa = PBXBuildFile; fileRef = 557803C82914118800B498A3 /* Item.swift */; };
		557803CB291411E100B498A3 /* Cart.swift in Sources */ = {isa = PBXBuildFile; fileRef = 557803CA291411E100B498A3 /* Cart.swift */; };
		557803CD291414DA00B498A3 /* ItemView.swift in Sources */ = {isa = PBXBuildFile; fileRef = 557803CC291414DA00B498A3 /* ItemView.swift */; };
		557803CF291421C900B498A3 /* CartViewModel.swift in Sources */ = {isa = PBXBuildFile; fileRef = 557803CE291421C900B498A3 /* CartViewModel.swift */; };
		557803D1291445BB00B498A3 /* Summary.swift in Sources */ = {isa = PBXBuildFile; fileRef = 557803D0291445BB00B498A3 /* Summary.swift */; };
/* End PBXBuildFile section */

/* Begin PBXContainerItemProxy section */
		557803992914106200B498A3 /* PBXContainerItemProxy */ = {
			isa = PBXContainerItemProxy;
			containerPortal = 5578037F2914106100B498A3 /* Project object */;
			proxyType = 1;
			remoteGlobalIDString = 5578038A2914106200B498A3;
			remoteInfo = "Cartcheck (iOS)";
		};
		557803A52914106300B498A3 /* PBXContainerItemProxy */ = {
			isa = PBXContainerItemProxy;
			containerPortal = 5578037F2914106100B498A3 /* Project object */;
			proxyType = 1;
			remoteGlobalIDString = 557803902914106200B498A3;
			remoteInfo = "Cartcheck (macOS)";
		};
/* End PBXContainerItemProxy section */

/* Begin PBXFileReference section */
		557803842914106100B498A3 /* CartcheckApp.swift */ = {isa = PBXFileReference; lastKnownFileType = sourcecode.swift; path = CartcheckApp.swift; sourceTree = "<group>"; };
		557803852914106100B498A3 /* ContentView.swift */ = {isa = PBXFileReference; lastKnownFileType = sourcecode.swift; path = ContentView.swift; sourceTree = "<group>"; };
		557803862914106200B498A3 /* Assets.xcassets */ = {isa = PBXFileReference; lastKnownFileType = folder.assetcatalog; path = Assets.xcassets; sourceTree = "<group>"; };
		5578038B2914106200B498A3 /* Cartcheck.app */ = {isa = PBXFileReference; explicitFileType = wrapper.application; includeInIndex = 0; path = Cartcheck.app; sourceTree = BUILT_PRODUCTS_DIR; };
		557803912914106200B498A3 /* Cartcheck.app */ = {isa = PBXFileReference; explicitFileType = wrapper.application; includeInIndex = 0; path = Cartcheck.app; sourceTree = BUILT_PRODUCTS_DIR; };
		557803932914106200B498A3 /* macOS.entitlements */ = {isa = PBXFileReference; lastKnownFileType = text.plist.entitlements; path = macOS.entitlements; sourceTree = "<group>"; };
		557803982914106200B498A3 /* Tests iOS.xctest */ = {isa = PBXFileReference; explicitFileType = wrapper.cfbundle; includeInIndex = 0; path = "Tests iOS.xctest"; sourceTree = BUILT_PRODUCTS_DIR; };
		5578039C2914106200B498A3 /* Tests_iOS.swift */ = {isa = PBXFileReference; lastKnownFileType = sourcecode.swift; path = Tests_iOS.swift; sourceTree = "<group>"; };
		5578039E2914106200B498A3 /* Tests_iOSLaunchTests.swift */ = {isa = PBXFileReference; lastKnownFileType = sourcecode.swift; path = Tests_iOSLaunchTests.swift; sourceTree = "<group>"; };
		557803A42914106300B498A3 /* Tests macOS.xctest */ = {isa = PBXFileReference; explicitFileType = wrapper.cfbundle; includeInIndex = 0; path = "Tests macOS.xctest"; sourceTree = BUILT_PRODUCTS_DIR; };
		557803A82914106300B498A3 /* Tests_macOS.swift */ = {isa = PBXFileReference; lastKnownFileType = sourcecode.swift; path = Tests_macOS.swift; sourceTree = "<group>"; };
		557803AA2914106300B498A3 /* Tests_macOSLaunchTests.swift */ = {isa = PBXFileReference; lastKnownFileType = sourcecode.swift; path = Tests_macOSLaunchTests.swift; sourceTree = "<group>"; };
		557803C1291410A800B498A3 /* CartView.swift */ = {isa = PBXFileReference; lastKnownFileType = sourcecode.swift; path = CartView.swift; sourceTree = "<group>"; };
		557803C82914118800B498A3 /* Item.swift */ = {isa = PBXFileReference; lastKnownFileType = sourcecode.swift; path = Item.swift; sourceTree = "<group>"; };
		557803CA291411E100B498A3 /* Cart.swift */ = {isa = PBXFileReference; lastKnownFileType = sourcecode.swift; path = Cart.swift; sourceTree = "<group>"; };
		557803CC291414DA00B498A3 /* ItemView.swift */ = {isa = PBXFileReference; lastKnownFileType = sourcecode.swift; path = ItemView.swift; sourceTree = "<group>"; };
		557803CE291421C900B498A3 /* CartViewModel.swift */ = {isa = PBXFileReference; lastKnownFileType = sourcecode.swift; path = CartViewModel.swift; sourceTree = "<group>"; };
		557803D0291445BB00B498A3 /* Summary.swift */ = {isa = PBXFileReference; lastKnownFileType = sourcecode.swift; path = Summary.swift; sourceTree = "<group>"; };
/* End PBXFileReference section */

/* Begin PBXFrameworksBuildPhase section */
		557803882914106200B498A3 /* Frameworks */ = {
			isa = PBXFrameworksBuildPhase;
			buildActionMask = 2147483647;
			files = (
			);
			runOnlyForDeploymentPostprocessing = 0;
		};
		5578038E2914106200B498A3 /* Frameworks */ = {
			isa = PBXFrameworksBuildPhase;
			buildActionMask = 2147483647;
			files = (
			);
			runOnlyForDeploymentPostprocessing = 0;
		};
		557803952914106200B498A3 /* Frameworks */ = {
			isa = PBXFrameworksBuildPhase;
			buildActionMask = 2147483647;
			files = (
			);
			runOnlyForDeploymentPostprocessing = 0;
		};
		557803A12914106300B498A3 /* Frameworks */ = {
			isa = PBXFrameworksBuildPhase;
			buildActionMask = 2147483647;
			files = (
			);
			runOnlyForDeploymentPostprocessing = 0;
		};
/* End PBXFrameworksBuildPhase section */

/* Begin PBXGroup section */
		5578037E2914106100B498A3 = {
			isa = PBXGroup;
			children = (
				557803C72914115300B498A3 /* Model */,
				557803C4291410E300B498A3 /* ViewModel */,
				557803C02914109B00B498A3 /* View */,
				557803832914106100B498A3 /* Shared */,
				557803922914106200B498A3 /* macOS */,
				5578039B2914106200B498A3 /* Tests iOS */,
				557803A72914106300B498A3 /* Tests macOS */,
				5578038C2914106200B498A3 /* Products */,
			);
			sourceTree = "<group>";
		};
		557803832914106100B498A3 /* Shared */ = {
			isa = PBXGroup;
			children = (
				557803842914106100B498A3 /* CartcheckApp.swift */,
				557803852914106100B498A3 /* ContentView.swift */,
				557803862914106200B498A3 /* Assets.xcassets */,
			);
			path = Shared;
			sourceTree = "<group>";
		};
		5578038C2914106200B498A3 /* Products */ = {
			isa = PBXGroup;
			children = (
				5578038B2914106200B498A3 /* Cartcheck.app */,
				557803912914106200B498A3 /* Cartcheck.app */,
				557803982914106200B498A3 /* Tests iOS.xctest */,
				557803A42914106300B498A3 /* Tests macOS.xctest */,
			);
			name = Products;
			sourceTree = "<group>";
		};
		557803922914106200B498A3 /* macOS */ = {
			isa = PBXGroup;
			children = (
				557803932914106200B498A3 /* macOS.entitlements */,
			);
			path = macOS;
			sourceTree = "<group>";
		};
		5578039B2914106200B498A3 /* Tests iOS */ = {
			isa = PBXGroup;
			children = (
				5578039C2914106200B498A3 /* Tests_iOS.swift */,
				5578039E2914106200B498A3 /* Tests_iOSLaunchTests.swift */,
			);
			path = "Tests iOS";
			sourceTree = "<group>";
		};
		557803A72914106300B498A3 /* Tests macOS */ = {
			isa = PBXGroup;
			children = (
				557803A82914106300B498A3 /* Tests_macOS.swift */,
				557803AA2914106300B498A3 /* Tests_macOSLaunchTests.swift */,
			);
			path = "Tests macOS";
			sourceTree = "<group>";
		};
		557803C02914109B00B498A3 /* View */ = {
			isa = PBXGroup;
			children = (
				557803C1291410A800B498A3 /* CartView.swift */,
				557803CC291414DA00B498A3 /* ItemView.swift */,
				557803D0291445BB00B498A3 /* Summary.swift */,
			);
			path = View;
			sourceTree = "<group>";
		};
		557803C4291410E300B498A3 /* ViewModel */ = {
			isa = PBXGroup;
			children = (
				557803CE291421C900B498A3 /* CartViewModel.swift */,
			);
			path = ViewModel;
			sourceTree = "<group>";
		};
		557803C72914115300B498A3 /* Model */ = {
			isa = PBXGroup;
			children = (
				557803C82914118800B498A3 /* Item.swift */,
				557803CA291411E100B498A3 /* Cart.swift */,
			);
			path = Model;
			sourceTree = "<group>";
		};
/* End PBXGroup section */

/* Begin PBXNativeTarget section */
		5578038A2914106200B498A3 /* Cartcheck (iOS) */ = {
			isa = PBXNativeTarget;
			buildConfigurationList = 557803B42914106300B498A3 /* Build configuration list for PBXNativeTarget "Cartcheck (iOS)" */;
			buildPhases = (
				557803872914106200B498A3 /* Sources */,
				557803882914106200B498A3 /* Frameworks */,
				557803892914106200B498A3 /* Resources */,
			);
			buildRules = (
			);
			dependencies = (
			);
			name = "Cartcheck (iOS)";
			productName = "Cartcheck (iOS)";
			productReference = 5578038B2914106200B498A3 /* Cartcheck.app */;
			productType = "com.apple.product-type.application";
		};
		557803902914106200B498A3 /* Cartcheck (macOS) */ = {
			isa = PBXNativeTarget;
			buildConfigurationList = 557803B72914106300B498A3 /* Build configuration list for PBXNativeTarget "Cartcheck (macOS)" */;
			buildPhases = (
				5578038D2914106200B498A3 /* Sources */,
				5578038E2914106200B498A3 /* Frameworks */,
				5578038F2914106200B498A3 /* Resources */,
			);
			buildRules = (
			);
			dependencies = (
			);
			name = "Cartcheck (macOS)";
			productName = "Cartcheck (macOS)";
			productReference = 557803912914106200B498A3 /* Cartcheck.app */;
			productType = "com.apple.product-type.application";
		};
		557803972914106200B498A3 /* Tests iOS */ = {
			isa = PBXNativeTarget;
			buildConfigurationList = 557803BA2914106300B498A3 /* Build configuration list for PBXNativeTarget "Tests iOS" */;
			buildPhases = (
				557803942914106200B498A3 /* Sources */,
				557803952914106200B498A3 /* Frameworks */,
				557803962914106200B498A3 /* Resources */,
			);
			buildRules = (
			);
			dependencies = (
				5578039A2914106200B498A3 /* PBXTargetDependency */,
			);
			name = "Tests iOS";
			productName = "Tests iOS";
			productReference = 557803982914106200B498A3 /* Tests iOS.xctest */;
			productType = "com.apple.product-type.bundle.ui-testing";
		};
		557803A32914106300B498A3 /* Tests macOS */ = {
			isa = PBXNativeTarget;
			buildConfigurationList = 557803BD2914106300B498A3 /* Build configuration list for PBXNativeTarget "Tests macOS" */;
			buildPhases = (
				557803A02914106300B498A3 /* Sources */,
				557803A12914106300B498A3 /* Frameworks */,
				557803A22914106300B498A3 /* Resources */,
			);
			buildRules = (
			);
			dependencies = (
				557803A62914106300B498A3 /* PBXTargetDependency */,
			);
			name = "Tests macOS";
			productName = "Tests macOS";
			productReference = 557803A42914106300B498A3 /* Tests macOS.xctest */;
			productType = "com.apple.product-type.bundle.ui-testing";
		};
/* End PBXNativeTarget section */

/* Begin PBXProject section */
		5578037F2914106100B498A3 /* Project object */ = {
			isa = PBXProject;
			attributes = {
				BuildIndependentTargetsInParallel = 1;
				LastSwiftUpdateCheck = 1330;
				LastUpgradeCheck = 1330;
				TargetAttributes = {
					5578038A2914106200B498A3 = {
						CreatedOnToolsVersion = 13.3;
					};
					557803902914106200B498A3 = {
						CreatedOnToolsVersion = 13.3;
					};
					557803972914106200B498A3 = {
						CreatedOnToolsVersion = 13.3;
						TestTargetID = 5578038A2914106200B498A3;
					};
					557803A32914106300B498A3 = {
						CreatedOnToolsVersion = 13.3;
						TestTargetID = 557803902914106200B498A3;
					};
				};
			};
			buildConfigurationList = 557803822914106100B498A3 /* Build configuration list for PBXProject "Cartcheck" */;
			compatibilityVersion = "Xcode 13.0";
			developmentRegion = en;
			hasScannedForEncodings = 0;
			knownRegions = (
				en,
				Base,
			);
			mainGroup = 5578037E2914106100B498A3;
			productRefGroup = 5578038C2914106200B498A3 /* Products */;
			projectDirPath = "";
			projectRoot = "";
			targets = (
				5578038A2914106200B498A3 /* Cartcheck (iOS) */,
				557803902914106200B498A3 /* Cartcheck (macOS) */,
				557803972914106200B498A3 /* Tests iOS */,
				557803A32914106300B498A3 /* Tests macOS */,
			);
		};
/* End PBXProject section */

/* Begin PBXResourcesBuildPhase section */
		557803892914106200B498A3 /* Resources */ = {
			isa = PBXResourcesBuildPhase;
			buildActionMask = 2147483647;
			files = (
				557803B02914106300B498A3 /* Assets.xcassets in Resources */,
			);
			runOnlyForDeploymentPostprocessing = 0;
		};
		5578038F2914106200B498A3 /* Resources */ = {
			isa = PBXResourcesBuildPhase;
			buildActionMask = 2147483647;
			files = (
				557803B12914106300B498A3 /* Assets.xcassets in Resources */,
			);
			runOnlyForDeploymentPostprocessing = 0;
		};
		557803962914106200B498A3 /* Resources */ = {
			isa = PBXResourcesBuildPhase;
			buildActionMask = 2147483647;
			files = (
			);
			runOnlyForDeploymentPostprocessing = 0;
		};
		557803A22914106300B498A3 /* Resources */ = {
			isa = PBXResourcesBuildPhase;
			buildActionMask = 2147483647;
			files = (
			);
			runOnlyForDeploymentPostprocessing = 0;
		};
/* End PBXResourcesBuildPhase section */

/* Begin PBXSourcesBuildPhase section */
		557803872914106200B498A3 /* Sources */ = {
			isa = PBXSourcesBuildPhase;
			buildActionMask = 2147483647;
			files = (
				557803C92914118800B498A3 /* Item.swift in Sources */,
				557803CB291411E100B498A3 /* Cart.swift in Sources */,
				557803CF291421C900B498A3 /* CartViewModel.swift in Sources */,
				557803C2291410A800B498A3 /* CartView.swift in Sources */,
				557803CD291414DA00B498A3 /* ItemView.swift in Sources */,
				557803AE2914106300B498A3 /* ContentView.swift in Sources */,
				557803D1291445BB00B498A3 /* Summary.swift in Sources */,
				557803AC2914106300B498A3 /* CartcheckApp.swift in Sources */,
			);
			runOnlyForDeploymentPostprocessing = 0;
		};
		5578038D2914106200B498A3 /* Sources */ = {
			isa = PBXSourcesBuildPhase;
			buildActionMask = 2147483647;
			files = (
				557803AF2914106300B498A3 /* ContentView.swift in Sources */,
				557803AD2914106300B498A3 /* CartcheckApp.swift in Sources */,
			);
			runOnlyForDeploymentPostprocessing = 0;
		};
		557803942914106200B498A3 /* Sources */ = {
			isa = PBXSourcesBuildPhase;
			buildActionMask = 2147483647;
			files = (
				5578039F2914106200B498A3 /* Tests_iOSLaunchTests.swift in Sources */,
				5578039D2914106200B498A3 /* Tests_iOS.swift in Sources */,
			);
			runOnlyForDeploymentPostprocessing = 0;
		};
		557803A02914106300B498A3 /* Sources */ = {
			isa = PBXSourcesBuildPhase;
			buildActionMask = 2147483647;
			files = (
				557803AB2914106300B498A3 /* Tests_macOSLaunchTests.swift in Sources */,
				557803A92914106300B498A3 /* Tests_macOS.swift in Sources */,
			);
			runOnlyForDeploymentPostprocessing = 0;
		};
/* End PBXSourcesBuildPhase section */

/* Begin PBXTargetDependency section */
		5578039A2914106200B498A3 /* PBXTargetDependency */ = {
			isa = PBXTargetDependency;
			target = 5578038A2914106200B498A3 /* Cartcheck (iOS) */;
			targetProxy = 557803992914106200B498A3 /* PBXContainerItemProxy */;
		};
		557803A62914106300B498A3 /* PBXTargetDependency */ = {
			isa = PBXTargetDependency;
			target = 557803902914106200B498A3 /* Cartcheck (macOS) */;
			targetProxy = 557803A52914106300B498A3 /* PBXContainerItemProxy */;
		};
/* End PBXTargetDependency section */

/* Begin XCBuildConfiguration section */
		557803B22914106300B498A3 /* Debug */ = {
			isa = XCBuildConfiguration;
			buildSettings = {
				ALWAYS_SEARCH_USER_PATHS = NO;
				CLANG_ANALYZER_NONNULL = YES;
				CLANG_ANALYZER_NUMBER_OBJECT_CONVERSION = YES_AGGRESSIVE;
				CLANG_CXX_LANGUAGE_STANDARD = "gnu++17";
				CLANG_ENABLE_MODULES = YES;
				CLANG_ENABLE_OBJC_ARC = YES;
				CLANG_ENABLE_OBJC_WEAK = YES;
				CLANG_WARN_BLOCK_CAPTURE_AUTORELEASING = YES;
				CLANG_WARN_BOOL_CONVERSION = YES;
				CLANG_WARN_COMMA = YES;
				CLANG_WARN_CONSTANT_CONVERSION = YES;
				CLANG_WARN_DEPRECATED_OBJC_IMPLEMENTATIONS = YES;
				CLANG_WARN_DIRECT_OBJC_ISA_USAGE = YES_ERROR;
				CLANG_WARN_DOCUMENTATION_COMMENTS = YES;
				CLANG_WARN_EMPTY_BODY = YES;
				CLANG_WARN_ENUM_CONVERSION = YES;
				CLANG_WARN_INFINITE_RECURSION = YES;
				CLANG_WARN_INT_CONVERSION = YES;
				CLANG_WARN_NON_LITERAL_NULL_CONVERSION = YES;
				CLANG_WARN_OBJC_IMPLICIT_RETAIN_SELF = YES;
				CLANG_WARN_OBJC_LITERAL_CONVERSION = YES;
				CLANG_WARN_OBJC_ROOT_CLASS = YES_ERROR;
				CLANG_WARN_QUOTED_INCLUDE_IN_FRAMEWORK_HEADER = YES;
				CLANG_WARN_RANGE_LOOP_ANALYSIS = YES;
				CLANG_WARN_STRICT_PROTOTYPES = YES;
				CLANG_WARN_SUSPICIOUS_MOVE = YES;
				CLANG_WARN_UNGUARDED_AVAILABILITY = YES_AGGRESSIVE;
				CLANG_WARN_UNREACHABLE_CODE = YES;
				CLANG_WARN__DUPLICATE_METHOD_MATCH = YES;
				COPY_PHASE_STRIP = NO;
				DEBUG_INFORMATION_FORMAT = dwarf;
				ENABLE_STRICT_OBJC_MSGSEND = YES;
				ENABLE_TESTABILITY = YES;
				GCC_C_LANGUAGE_STANDARD = gnu11;
				GCC_DYNAMIC_NO_PIC = NO;
				GCC_NO_COMMON_BLOCKS = YES;
				GCC_OPTIMIZATION_LEVEL = 0;
				GCC_PREPROCESSOR_DEFINITIONS = (
					"DEBUG=1",
					"$(inherited)",
				);
				GCC_WARN_64_TO_32_BIT_CONVERSION = YES;
				GCC_WARN_ABOUT_RETURN_TYPE = YES_ERROR;
				GCC_WARN_UNDECLARED_SELECTOR = YES;
				GCC_WARN_UNINITIALIZED_AUTOS = YES_AGGRESSIVE;
				GCC_WARN_UNUSED_FUNCTION = YES;
				GCC_WARN_UNUSED_VARIABLE = YES;
				MTL_ENABLE_DEBUG_INFO = INCLUDE_SOURCE;
				MTL_FAST_MATH = YES;
				ONLY_ACTIVE_ARCH = YES;
				SWIFT_ACTIVE_COMPILATION_CONDITIONS = DEBUG;
				SWIFT_OPTIMIZATION_LEVEL = "-Onone";
			};
			name = Debug;
		};
		557803B32914106300B498A3 /* Release */ = {
			isa = XCBuildConfiguration;
			buildSettings = {
				ALWAYS_SEARCH_USER_PATHS = NO;
				CLANG_ANALYZER_NONNULL = YES;
				CLANG_ANALYZER_NUMBER_OBJECT_CONVERSION = YES_AGGRESSIVE;
				CLANG_CXX_LANGUAGE_STANDARD = "gnu++17";
				CLANG_ENABLE_MODULES = YES;
				CLANG_ENABLE_OBJC_ARC = YES;
				CLANG_ENABLE_OBJC_WEAK = YES;
				CLANG_WARN_BLOCK_CAPTURE_AUTORELEASING = YES;
				CLANG_WARN_BOOL_CONVERSION = YES;
				CLANG_WARN_COMMA = YES;
				CLANG_WARN_CONSTANT_CONVERSION = YES;
				CLANG_WARN_DEPRECATED_OBJC_IMPLEMENTATIONS = YES;
				CLANG_WARN_DIRECT_OBJC_ISA_USAGE = YES_ERROR;
				CLANG_WARN_DOCUMENTATION_COMMENTS = YES;
				CLANG_WARN_EMPTY_BODY = YES;
				CLANG_WARN_ENUM_CONVERSION = YES;
				CLANG_WARN_INFINITE_RECURSION = YES;
				CLANG_WARN_INT_CONVERSION = YES;
				CLANG_WARN_NON_LITERAL_NULL_CONVERSION = YES;
				CLANG_WARN_OBJC_IMPLICIT_RETAIN_SELF = YES;
				CLANG_WARN_OBJC_LITERAL_CONVERSION = YES;
				CLANG_WARN_OBJC_ROOT_CLASS = YES_ERROR;
				CLANG_WARN_QUOTED_INCLUDE_IN_FRAMEWORK_HEADER = YES;
				CLANG_WARN_RANGE_LOOP_ANALYSIS = YES;
				CLANG_WARN_STRICT_PROTOTYPES = YES;
				CLANG_WARN_SUSPICIOUS_MOVE = YES;
				CLANG_WARN_UNGUARDED_AVAILABILITY = YES_AGGRESSIVE;
				CLANG_WARN_UNREACHABLE_CODE = YES;
				CLANG_WARN__DUPLICATE_METHOD_MATCH = YES;
				COPY_PHASE_STRIP = NO;
				DEBUG_INFORMATION_FORMAT = "dwarf-with-dsym";
				ENABLE_NS_ASSERTIONS = NO;
				ENABLE_STRICT_OBJC_MSGSEND = YES;
				GCC_C_LANGUAGE_STANDARD = gnu11;
				GCC_NO_COMMON_BLOCKS = YES;
				GCC_WARN_64_TO_32_BIT_CONVERSION = YES;
				GCC_WARN_ABOUT_RETURN_TYPE = YES_ERROR;
				GCC_WARN_UNDECLARED_SELECTOR = YES;
				GCC_WARN_UNINITIALIZED_AUTOS = YES_AGGRESSIVE;
				GCC_WARN_UNUSED_FUNCTION = YES;
				GCC_WARN_UNUSED_VARIABLE = YES;
				MTL_ENABLE_DEBUG_INFO = NO;
				MTL_FAST_MATH = YES;
				SWIFT_COMPILATION_MODE = wholemodule;
				SWIFT_OPTIMIZATION_LEVEL = "-O";
			};
			name = Release;
		};
		557803B52914106300B498A3 /* Debug */ = {
			isa = XCBuildConfiguration;
			buildSettings = {
				ASSETCATALOG_COMPILER_APPICON_NAME = AppIcon;
				ASSETCATALOG_COMPILER_GLOBAL_ACCENT_COLOR_NAME = AccentColor;
				CODE_SIGN_STYLE = Automatic;
				CURRENT_PROJECT_VERSION = 1;
				ENABLE_PREVIEWS = YES;
				GENERATE_INFOPLIST_FILE = YES;
				INFOPLIST_KEY_UIApplicationSceneManifest_Generation = YES;
				INFOPLIST_KEY_UIApplicationSupportsIndirectInputEvents = YES;
				INFOPLIST_KEY_UILaunchScreen_Generation = YES;
				INFOPLIST_KEY_UISupportedInterfaceOrientations_iPad = "UIInterfaceOrientationPortrait UIInterfaceOrientationPortraitUpsideDown UIInterfaceOrientationLandscapeLeft UIInterfaceOrientationLandscapeRight";
				INFOPLIST_KEY_UISupportedInterfaceOrientations_iPhone = "UIInterfaceOrientationPortrait UIInterfaceOrientationLandscapeLeft UIInterfaceOrientationLandscapeRight";
				IPHONEOS_DEPLOYMENT_TARGET = 15.4;
				LD_RUNPATH_SEARCH_PATHS = (
					"$(inherited)",
					"@executable_path/Frameworks",
				);
				MARKETING_VERSION = 1.0;
				PRODUCT_BUNDLE_IDENTIFIER = Team4.Cartcheck;
				PRODUCT_NAME = Cartcheck;
				SDKROOT = iphoneos;
				SWIFT_EMIT_LOC_STRINGS = YES;
				SWIFT_VERSION = 5.0;
				TARGETED_DEVICE_FAMILY = "1,2";
			};
			name = Debug;
		};
		557803B62914106300B498A3 /* Release */ = {
			isa = XCBuildConfiguration;
			buildSettings = {
				ASSETCATALOG_COMPILER_APPICON_NAME = AppIcon;
				ASSETCATALOG_COMPILER_GLOBAL_ACCENT_COLOR_NAME = AccentColor;
				CODE_SIGN_STYLE = Automatic;
				CURRENT_PROJECT_VERSION = 1;
				ENABLE_PREVIEWS = YES;
				GENERATE_INFOPLIST_FILE = YES;
				INFOPLIST_KEY_UIApplicationSceneManifest_Generation = YES;
				INFOPLIST_KEY_UIApplicationSupportsIndirectInputEvents = YES;
				INFOPLIST_KEY_UILaunchScreen_Generation = YES;
				INFOPLIST_KEY_UISupportedInterfaceOrientations_iPad = "UIInterfaceOrientationPortrait UIInterfaceOrientationPortraitUpsideDown UIInterfaceOrientationLandscapeLeft UIInterfaceOrientationLandscapeRight";
				INFOPLIST_KEY_UISupportedInterfaceOrientations_iPhone = "UIInterfaceOrientationPortrait UIInterfaceOrientationLandscapeLeft UIInterfaceOrientationLandscapeRight";
				IPHONEOS_DEPLOYMENT_TARGET = 15.4;
				LD_RUNPATH_SEARCH_PATHS = (
					"$(inherited)",
					"@executable_path/Frameworks",
				);
				MARKETING_VERSION = 1.0;
				PRODUCT_BUNDLE_IDENTIFIER = Team4.Cartcheck;
				PRODUCT_NAME = Cartcheck;
				SDKROOT = iphoneos;
				SWIFT_EMIT_LOC_STRINGS = YES;
				SWIFT_VERSION = 5.0;
				TARGETED_DEVICE_FAMILY = "1,2";
				VALIDATE_PRODUCT = YES;
			};
			name = Release;
		};
		557803B82914106300B498A3 /* Debug */ = {
			isa = XCBuildConfiguration;
			buildSettings = {
				ASSETCATALOG_COMPILER_APPICON_NAME = AppIcon;
				ASSETCATALOG_COMPILER_GLOBAL_ACCENT_COLOR_NAME = AccentColor;
				CODE_SIGN_ENTITLEMENTS = macOS/macOS.entitlements;
				CODE_SIGN_STYLE = Automatic;
				COMBINE_HIDPI_IMAGES = YES;
				CURRENT_PROJECT_VERSION = 1;
				ENABLE_PREVIEWS = YES;
				GENERATE_INFOPLIST_FILE = YES;
				INFOPLIST_KEY_NSHumanReadableCopyright = "";
				LD_RUNPATH_SEARCH_PATHS = (
					"$(inherited)",
					"@executable_path/../Frameworks",
				);
				MACOSX_DEPLOYMENT_TARGET = 12.0;
				MARKETING_VERSION = 1.0;
				PRODUCT_BUNDLE_IDENTIFIER = Team4.Cartcheck;
				PRODUCT_NAME = Cartcheck;
				SDKROOT = macosx;
				SWIFT_EMIT_LOC_STRINGS = YES;
				SWIFT_VERSION = 5.0;
			};
			name = Debug;
		};
		557803B92914106300B498A3 /* Release */ = {
			isa = XCBuildConfiguration;
			buildSettings = {
				ASSETCATALOG_COMPILER_APPICON_NAME = AppIcon;
				ASSETCATALOG_COMPILER_GLOBAL_ACCENT_COLOR_NAME = AccentColor;
				CODE_SIGN_ENTITLEMENTS = macOS/macOS.entitlements;
				CODE_SIGN_STYLE = Automatic;
				COMBINE_HIDPI_IMAGES = YES;
				CURRENT_PROJECT_VERSION = 1;
				ENABLE_PREVIEWS = YES;
				GENERATE_INFOPLIST_FILE = YES;
				INFOPLIST_KEY_NSHumanReadableCopyright = "";
				LD_RUNPATH_SEARCH_PATHS = (
					"$(inherited)",
					"@executable_path/../Frameworks",
				);
				MACOSX_DEPLOYMENT_TARGET = 12.0;
				MARKETING_VERSION = 1.0;
				PRODUCT_BUNDLE_IDENTIFIER = Team4.Cartcheck;
				PRODUCT_NAME = Cartcheck;
				SDKROOT = macosx;
				SWIFT_EMIT_LOC_STRINGS = YES;
				SWIFT_VERSION = 5.0;
			};
			name = Release;
		};
		557803BB2914106300B498A3 /* Debug */ = {
			isa = XCBuildConfiguration;
			buildSettings = {
				ALWAYS_EMBED_SWIFT_STANDARD_LIBRARIES = YES;
				CODE_SIGN_STYLE = Automatic;
				CURRENT_PROJECT_VERSION = 1;
				GENERATE_INFOPLIST_FILE = YES;
				IPHONEOS_DEPLOYMENT_TARGET = 15.4;
				MARKETING_VERSION = 1.0;
				PRODUCT_BUNDLE_IDENTIFIER = "Team4.Tests-iOS";
				PRODUCT_NAME = "$(TARGET_NAME)";
				SDKROOT = iphoneos;
				SWIFT_EMIT_LOC_STRINGS = NO;
				SWIFT_VERSION = 5.0;
				TARGETED_DEVICE_FAMILY = "1,2";
				TEST_TARGET_NAME = "Cartcheck (iOS)";
			};
			name = Debug;
		};
		557803BC2914106300B498A3 /* Release */ = {
			isa = XCBuildConfiguration;
			buildSettings = {
				ALWAYS_EMBED_SWIFT_STANDARD_LIBRARIES = YES;
				CODE_SIGN_STYLE = Automatic;
				CURRENT_PROJECT_VERSION = 1;
				GENERATE_INFOPLIST_FILE = YES;
				IPHONEOS_DEPLOYMENT_TARGET = 15.4;
				MARKETING_VERSION = 1.0;
				PRODUCT_BUNDLE_IDENTIFIER = "Team4.Tests-iOS";
				PRODUCT_NAME = "$(TARGET_NAME)";
				SDKROOT = iphoneos;
				SWIFT_EMIT_LOC_STRINGS = NO;
				SWIFT_VERSION = 5.0;
				TARGETED_DEVICE_FAMILY = "1,2";
				TEST_TARGET_NAME = "Cartcheck (iOS)";
				VALIDATE_PRODUCT = YES;
			};
			name = Release;
		};
		557803BE2914106300B498A3 /* Debug */ = {
			isa = XCBuildConfiguration;
			buildSettings = {
				ALWAYS_EMBED_SWIFT_STANDARD_LIBRARIES = YES;
				CODE_SIGN_STYLE = Automatic;
				CURRENT_PROJECT_VERSION = 1;
				GENERATE_INFOPLIST_FILE = YES;
				MACOSX_DEPLOYMENT_TARGET = 12.0;
				MARKETING_VERSION = 1.0;
				PRODUCT_BUNDLE_IDENTIFIER = "Team4.Tests-macOS";
				PRODUCT_NAME = "$(TARGET_NAME)";
				SDKROOT = macosx;
				SWIFT_EMIT_LOC_STRINGS = NO;
				SWIFT_VERSION = 5.0;
				TEST_TARGET_NAME = "Cartcheck (macOS)";
			};
			name = Debug;
		};
		557803BF2914106300B498A3 /* Release */ = {
			isa = XCBuildConfiguration;
			buildSettings = {
				ALWAYS_EMBED_SWIFT_STANDARD_LIBRARIES = YES;
				CODE_SIGN_STYLE = Automatic;
				CURRENT_PROJECT_VERSION = 1;
				GENERATE_INFOPLIST_FILE = YES;
				MACOSX_DEPLOYMENT_TARGET = 12.0;
				MARKETING_VERSION = 1.0;
				PRODUCT_BUNDLE_IDENTIFIER = "Team4.Tests-macOS";
				PRODUCT_NAME = "$(TARGET_NAME)";
				SDKROOT = macosx;
				SWIFT_EMIT_LOC_STRINGS = NO;
				SWIFT_VERSION = 5.0;
				TEST_TARGET_NAME = "Cartcheck (macOS)";
			};
			name = Release;
		};
/* End XCBuildConfiguration section */

/* Begin XCConfigurationList section */
		557803822914106100B498A3 /* Build configuration list for PBXProject "Cartcheck" */ = {
			isa = XCConfigurationList;
			buildConfigurations = (
				557803B22914106300B498A3 /* Debug */,
				557803B32914106300B498A3 /* Release */,
			);
			defaultConfigurationIsVisible = 0;
			defaultConfigurationName = Release;
		};
		557803B42914106300B498A3 /* Build configuration list for PBXNativeTarget "Cartcheck (iOS)" */ = {
			isa = XCConfigurationList;
			buildConfigurations = (
				557803B52914106300B498A3 /* Debug */,
				557803B62914106300B498A3 /* Release */,
			);
			defaultConfigurationIsVisible = 0;
			defaultConfigurationName = Release;
		};
		557803B72914106300B498A3 /* Build configuration list for PBXNativeTarget "Cartcheck (macOS)" */ = {
			isa = XCConfigurationList;
			buildConfigurations = (
				557803B82914106300B498A3 /* Debug */,
				557803B92914106300B498A3 /* Release */,
			);
			defaultConfigurationIsVisible = 0;
			defaultConfigurationName = Release;
		};
		557803BA2914106300B498A3 /* Build configuration list for PBXNativeTarget "Tests iOS" */ = {
			isa = XCConfigurationList;
			buildConfigurations = (
				557803BB2914106300B498A3 /* Debug */,
				557803BC2914106300B498A3 /* Release */,
			);
			defaultConfigurationIsVisible = 0;
			defaultConfigurationName = Release;
		};
		557803BD2914106300B498A3 /* Build configuration list for PBXNativeTarget "Tests macOS" */ = {
			isa = XCConfigurationList;
			buildConfigurations = (
				557803BE2914106300B498A3 /* Debug */,
				557803BF2914106300B498A3 /* Release */,
			);
			defaultConfigurationIsVisible = 0;
			defaultConfigurationName = Release;
		};
/* End XCConfigurationList section */
	};
	rootObject = 5578037F2914106100B498A3 /* Project object */;
}
